
Microsoft Visual Studio Solution File, Format Version 12.00
# Visual Studio Version 17
VisualStudioVersion = 17.10.35201.131
MinimumVisualStudioVersion = 10.0.40219.1
Project("{FAE04EC0-301F-11D3-BF4B-00C04F79EFBC}") = "CT_Dashboard", "CT_Dashboard\CT_Dashboard.csproj", "{F4956323-340F-414E-8051-8F9D6508280E}"
EndProject
Global
	GlobalSection(SolutionConfigurationPlatforms) = preSolution
		Debug|Any CPU = Debug|Any CPU
		Release|Any CPU = Release|Any CPU
	EndGlobalSection
	GlobalSection(ProjectConfigurationPlatforms) = postSolution
		{F4956323-340F-414E-8051-8F9D6508280E}.Debug|Any CPU.ActiveCfg = Debug|Any CPU
		{F4956323-340F-414E-8051-8F9D6508280E}.Debug|Any CPU.Build.0 = Debug|Any CPU
		{F4956323-340F-414E-8051-8F9D6508280E}.Release|Any CPU.ActiveCfg = Release|Any CPU
		{F4956323-340F-414E-8051-8F9D6508280E}.Release|Any CPU.Build.0 = Release|Any CPU
	EndGlobalSection
	GlobalSection(SolutionProperties) = preSolution
		HideSolutionNode = FALSE
	EndGlobalSection
	GlobalSection(ExtensibilityGlobals) = postSolution
		SolutionGuid = {D23B3385-0D9D-4BDE-83A5-442E642CB1B0}
	EndGlobalSection
EndGlobal
